<Solution>
  <Configurations>
    <Platform Name="x86" />
    <Platform Name="x64" />
    <Platform Name="ARM64" />
  </Configurations>
  <Folder Name="/src/">
    <Project Path="src/WinecloudsStudio/WinecloudsStudio.csproj">
      <BuildType Solution="Debug|x64" Project="Release" />
    </Project>
  </Folder>
</Solution>
